// !$*UTF8*$!
{
	archiveVersion = 1;
	classes = {
	};
	objectVersion = 46;
	objects = {

/* Begin PBXBuildFile section */
		1105A06A1A89C69F00210A00 /* AppDelegate.swift in Sources */ = {isa = PBXBuildFile; fileRef = 1105A0691A89C69F00210A00 /* AppDelegate.swift */; };
		1105A06C1A89C69F00210A00 /* ViewController.swift in Sources */ = {isa = PBXBuildFile; fileRef = 1105A06B1A89C69F00210A00 /* ViewController.swift */; };
		1105A06F1A89C69F00210A00 /* Main.storyboard in Resources */ = {isa = PBXBuildFile; fileRef = 1105A06D1A89C69F00210A00 /* Main.storyboard */; };
		1105A0711A89C6A000210A00 /* Images.xcassets in Resources */ = {isa = PBXBuildFile; fileRef = 1105A0701A89C6A000210A00 /* Images.xcassets */; };
		1105A0741A89C6A000210A00 /* LaunchScreen.xib in Resources */ = {isa = PBXBuildFile; fileRef = 1105A0721A89C6A000210A00 /* LaunchScreen.xib */; };
		1105A0801A89C6A000210A00 /* YelpExerciseTests.swift in Sources */ = {isa = PBXBuildFile; fileRef = 1105A07F1A89C6A000210A00 /* YelpExerciseTests.swift */; };
/* End PBXBuildFile section */

/* Begin PBXContainerItemProxy section */
		1105A07A1A89C6A000210A00 /* PBXContainerItemProxy */ = {
			isa = PBXContainerItemProxy;
			containerPortal = 1105A05C1A89C69F00210A00 /* Project object */;
			proxyType = 1;
			remoteGlobalIDString = 1105A0631A89C69F00210A00;
			remoteInfo = YelpExercise;
		};
/* End PBXContainerItemProxy section */

/* Begin PBXFileReference section */
		1105A0641A89C69F00210A00 /* YelpExercise.app */ = {isa = PBXFileReference; explicitFileType = wrapper.application; includeInIndex = 0; path = YelpExercise.app; sourceTree = BUILT_PRODUCTS_DIR; };
		1105A0681A89C69F00210A00 /* Info.plist */ = {isa = PBXFileReference; lastKnownFileType = text.plist.xml; path = Info.plist; sourceTree = "<group>"; };
		1105A0691A89C69F00210A00 /* AppDelegate.swift */ = {isa = PBXFileReference; lastKnownFileType = sourcecode.swift; path = AppDelegate.swift; sourceTree = "<group>"; };
		1105A06B1A89C69F00210A00 /* ViewController.swift */ = {isa = PBXFileReference; lastKnownFileType = sourcecode.swift; path = ViewController.swift; sourceTree = "<group>"; };
		1105A06E1A89C69F00210A00 /* Base */ = {isa = PBXFileReference; lastKnownFileType = file.storyboard; name = Base; path = Base.lproj/Main.storyboard; sourceTree = "<group>"; };
		1105A0701A89C6A000210A00 /* Images.xcassets */ = {isa = PBXFileReference; lastKnownFileType = folder.assetcatalog; path = Images.xcassets; sourceTree = "<group>"; };
		1105A0731A89C6A000210A00 /* Base */ = {isa = PBXFileReference; lastKnownFileType = file.xib; name = Base; path = Base.lproj/LaunchScreen.xib; sourceTree = "<group>"; };
		1105A0791A89C6A000210A00 /* YelpExerciseTests.xctest */ = {isa = PBXFileReference; explicitFileType = wrapper.cfbundle; includeInIndex = 0; path = YelpExerciseTests.xctest; sourceTree = BUILT_PRODUCTS_DIR; };
		1105A07E1A89C6A000210A00 /* Info.plist */ = {isa = PBXFileReference; lastKnownFileType = text.plist.xml; path = Info.plist; sourceTree = "<group>"; };
		1105A07F1A89C6A000210A00 /* YelpExerciseTests.swift */ = {isa = PBXFileReference; lastKnownFileType = sourcecode.swift; path = YelpExerciseTests.swift; sourceTree = "<group>"; };
/* End PBXFileReference section */

/* Begin PBXFrameworksBuildPhase section */
		1105A0611A89C69F00210A00 /* Frameworks */ = {
			isa = PBXFrameworksBuildPhase;
			buildActionMask = 2147483647;
			files = (
			);
			runOnlyForDeploymentPostprocessing = 0;
		};
		1105A0761A89C6A000210A00 /* Frameworks */ = {
			isa = PBXFrameworksBuildPhase;
			buildActionMask = 2147483647;
			files = (
			);
			runOnlyForDeploymentPostprocessing = 0;
		};
/* End PBXFrameworksBuildPhase section */

/* Begin PBXGroup section */
		1105A05B1A89C69F00210A00 = {
			isa = PBXGroup;
			children = (
				1105A0661A89C69F00210A00 /* YelpExercise */,
				1105A07C1A89C6A000210A00 /* YelpExerciseTests */,
				1105A0651A89C69F00210A00 /* Products */,
			);
			sourceTree = "<group>";
		};
		1105A0651A89C69F00210A00 /* Products */ = {
			isa = PBXGroup;
			children = (
				1105A0641A89C69F00210A00 /* YelpExercise.app */,
				1105A0791A89C6A000210A00 /* YelpExerciseTests.xctest */,
			);
			name = Products;
			sourceTree = "<group>";
		};
		1105A0661A89C69F00210A00 /* YelpExercise */ = {
			isa = PBXGroup;
			children = (
				1105A0691A89C69F00210A00 /* AppDelegate.swift */,
				1105A06B1A89C69F00210A00 /* ViewController.swift */,
				1105A06D1A89C69F00210A00 /* Main.storyboard */,
				1105A0701A89C6A000210A00 /* Images.xcassets */,
				1105A0721A89C6A000210A00 /* LaunchScreen.xib */,
				1105A0671A89C69F00210A00 /* Supporting Files */,
			);
			path = YelpExercise;
			sourceTree = "<group>";
		};
		1105A0671A89C69F00210A00 /* Supporting Files */ = {
			isa = PBXGroup;
			children = (
				1105A0681A89C69F00210A00 /* Info.plist */,
			);
			name = "Supporting Files";
			sourceTree = "<group>";
		};
		1105A07C1A89C6A000210A00 /* YelpExerciseTests */ = {
			isa = PBXGroup;
			children = (
				1105A07F1A89C6A000210A00 /* YelpExerciseTests.swift */,
				1105A07D1A89C6A000210A00 /* Supporting Files */,
			);
			path = YelpExerciseTests;
			sourceTree = "<group>";
		};
		1105A07D1A89C6A000210A00 /* Supporting Files */ = {
			isa = PBXGroup;
			children = (
				1105A07E1A89C6A000210A00 /* Info.plist */,
			);
			name = "Supporting Files";
			sourceTree = "<group>";
		};
/* End PBXGroup section */

/* Begin PBXNativeTarget section */
		1105A0631A89C69F00210A00 /* YelpExercise */ = {
			isa = PBXNativeTarget;
			buildConfigurationList = 1105A0831A89C6A000210A00 /* Build configuration list for PBXNativeTarget "YelpExercise" */;
			buildPhases = (
				1105A0601A89C69F00210A00 /* Sources */,
				1105A0611A89C69F00210A00 /* Frameworks */,
				1105A0621A89C69F00210A00 /* Resources */,
			);
			buildRules = (
			);
			dependencies = (
			);
			name = YelpExercise;
			productName = YelpExercise;
			productReference = 1105A0641A89C69F00210A00 /* YelpExercise.app */;
			productType = "com.apple.product-type.application";
		};
		1105A0781A89C6A000210A00 /* YelpExerciseTests */ = {
			isa = PBXNativeTarget;
			buildConfigurationList = 1105A0861A89C6A000210A00 /* Build configuration list for PBXNativeTarget "YelpExerciseTests" */;
			buildPhases = (
				1105A0751A89C6A000210A00 /* Sources */,
				1105A0761A89C6A000210A00 /* Frameworks */,
				1105A0771A89C6A000210A00 /* Resources */,
			);
			buildRules = (
			);
			dependencies = (
				1105A07B1A89C6A000210A00 /* PBXTargetDependency */,
			);
			name = YelpExerciseTests;
			productName = YelpExerciseTests;
			productReference = 1105A0791A89C6A000210A00 /* YelpExerciseTests.xctest */;
			productType = "com.apple.product-type.bundle.unit-test";
		};
/* End PBXNativeTarget section */

/* Begin PBXProject section */
		1105A05C1A89C69F00210A00 /* Project object */ = {
			isa = PBXProject;
			attributes = {
				LastUpgradeCheck = 0610;
				ORGANIZATIONNAME = zd;
				TargetAttributes = {
					1105A0631A89C69F00210A00 = {
						CreatedOnToolsVersion = 6.1.1;
					};
					1105A0781A89C6A000210A00 = {
						CreatedOnToolsVersion = 6.1.1;
						TestTargetID = 1105A0631A89C69F00210A00;
					};
				};
			};
			buildConfigurationList = 1105A05F1A89C69F00210A00 /* Build configuration list for PBXProject "YelpExercise" */;
			compatibilityVersion = "Xcode 3.2";
			developmentRegion = English;
			hasScannedForEncodings = 0;
			knownRegions = (
				en,
				Base,
			);
			mainGroup = 1105A05B1A89C69F00210A00;
			productRefGroup = 1105A0651A89C69F00210A00 /* Products */;
			projectDirPath = "";
			projectRoot = "";
			targets = (
				1105A0631A89C69F00210A00 /* YelpExercise */,
				1105A0781A89C6A000210A00 /* YelpExerciseTests */,
			);
		};
/* End PBXProject section */

/* Begin PBXResourcesBuildPhase section */
		1105A0621A89C69F00210A00 /* Resources */ = {
			isa = PBXResourcesBuildPhase;
			buildActionMask = 2147483647;
			files = (
				1105A06F1A89C69F00210A00 /* Main.storyboard in Resources */,
				1105A0741A89C6A000210A00 /* LaunchScreen.xib in Resources */,
				1105A0711A89C6A000210A00 /* Images.xcassets in Resources */,
			);
			runOnlyForDeploymentPostprocessing = 0;
		};
		1105A0771A89C6A000210A00 /* Resources */ = {
			isa = PBXResourcesBuildPhase;
			buildActionMask = 2147483647;
			files = (
			);
			runOnlyForDeploymentPostprocessing = 0;
		};
/* End PBXResourcesBuildPhase section */

/* Begin PBXSourcesBuildPhase section */
		1105A0601A89C69F00210A00 /* Sources */ = {
			isa = PBXSourcesBuildPhase;
			buildActionMask = 2147483647;
			files = (
				1105A06C1A89C69F00210A00 /* ViewController.swift in Sources */,
				1105A06A1A89C69F00210A00 /* AppDelegate.swift in Sources */,
			);
			runOnlyForDeploymentPostprocessing = 0;
		};
		1105A0751A89C6A000210A00 /* Sources */ = {
			isa = PBXSourcesBuildPhase;
			buildActionMask = 2147483647;
			files = (
				1105A0801A89C6A000210A00 /* YelpExerciseTests.swift in Sources */,
			);
			runOnlyForDeploymentPostprocessing = 0;
		};
/* End PBXSourcesBuildPhase section */

/* Begin PBXTargetDependency section */
		1105A07B1A89C6A000210A00 /* PBXTargetDependency */ = {
			isa = PBXTargetDependency;
			target = 1105A0631A89C69F00210A00 /* YelpExercise */;
			targetProxy = 1105A07A1A89C6A000210A00 /* PBXContainerItemProxy */;
		};
/* End PBXTargetDependency section */

/* Begin PBXVariantGroup section */
		1105A06D1A89C69F00210A00 /* Main.storyboard */ = {
			isa = PBXVariantGroup;
			children = (
				1105A06E1A89C69F00210A00 /* Base */,
			);
			name = Main.storyboard;
			sourceTree = "<group>";
		};
		1105A0721A89C6A000210A00 /* LaunchScreen.xib */ = {
			isa = PBXVariantGroup;
			children = (
				1105A0731A89C6A000210A00 /* Base */,
			);
			name = LaunchScreen.xib;
			sourceTree = "<group>";
		};
/* End PBXVariantGroup section */

/* Begin XCBuildConfiguration section */
		1105A0811A89C6A000210A00 /* Debug */ = {
			isa = XCBuildConfiguration;
			buildSettings = {
				ALWAYS_SEARCH_USER_PATHS = NO;
				CLANG_CXX_LANGUAGE_STANDARD = "gnu++0x";
				CLANG_CXX_LIBRARY = "libc++";
				CLANG_ENABLE_MODULES = YES;
				CLANG_ENABLE_OBJC_ARC = YES;
				CLANG_WARN_BOOL_CONVERSION = YES;
				CLANG_WARN_CONSTANT_CONVERSION = YES;
				CLANG_WARN_DIRECT_OBJC_ISA_USAGE = YES_ERROR;
				CLANG_WARN_EMPTY_BODY = YES;
				CLANG_WARN_ENUM_CONVERSION = YES;
				CLANG_WARN_INT_CONVERSION = YES;
				CLANG_WARN_OBJC_ROOT_CLASS = YES_ERROR;
				CLANG_WARN_UNREACHABLE_CODE = YES;
				CLANG_WARN__DUPLICATE_METHOD_MATCH = YES;
				"CODE_SIGN_IDENTITY[sdk=iphoneos*]" = "iPhone Developer";
				COPY_PHASE_STRIP = NO;
				ENABLE_STRICT_OBJC_MSGSEND = YES;
				GCC_C_LANGUAGE_STANDARD = gnu99;
				GCC_DYNAMIC_NO_PIC = NO;
				GCC_OPTIMIZATION_LEVEL = 0;
				GCC_PREPROCESSOR_DEFINITIONS = (
					"DEBUG=1",
					"$(inherited)",
				);
				GCC_SYMBOLS_PRIVATE_EXTERN = NO;
				GCC_WARN_64_TO_32_BIT_CONVERSION = YES;
				GCC_WARN_ABOUT_RETURN_TYPE = YES_ERROR;
				GCC_WARN_UNDECLARED_SELECTOR = YES;
				GCC_WARN_UNINITIALIZED_AUTOS = YES_AGGRESSIVE;
				GCC_WARN_UNUSED_FUNCTION = YES;
				GCC_WARN_UNUSED_VARIABLE = YES;
				IPHONEOS_DEPLOYMENT_TARGET = 8.1;
				MTL_ENABLE_DEBUG_INFO = YES;
				ONLY_ACTIVE_ARCH = YES;
				SDKROOT = iphoneos;
				SWIFT_OPTIMIZATION_LEVEL = "-Onone";
			};
			name = Debug;
		};
		1105A0821A89C6A000210A00 /* Release */ = {
			isa = XCBuildConfiguration;
			buildSettings = {
				ALWAYS_SEARCH_USER_PATHS = NO;
				CLANG_CXX_LANGUAGE_STANDARD = "gnu++0x";
				CLANG_CXX_LIBRARY = "libc++";
				CLANG_ENABLE_MODULES = YES;
				CLANG_ENABLE_OBJC_ARC = YES;
				CLANG_WARN_BOOL_CONVERSION = YES;
				CLANG_WARN_CONSTANT_CONVERSION = YES;
				CLANG_WARN_DIRECT_OBJC_ISA_USAGE = YES_ERROR;
				CLANG_WARN_EMPTY_BODY = YES;
				CLANG_WARN_ENUM_CONVERSION = YES;
				CLANG_WARN_INT_CONVERSION = YES;
				CLANG_WARN_OBJC_ROOT_CLASS = YES_ERROR;
				CLANG_WARN_UNREACHABLE_CODE = YES;
				CLANG_WARN__DUPLICATE_METHOD_MATCH = YES;
				"CODE_SIGN_IDENTITY[sdk=iphoneos*]" = "iPhone Developer";
				COPY_PHASE_STRIP = YES;
				ENABLE_NS_ASSERTIONS = NO;
				ENABLE_STRICT_OBJC_MSGSEND = YES;
				GCC_C_LANGUAGE_STANDARD = gnu99;
				GCC_WARN_64_TO_32_BIT_CONVERSION = YES;
				GCC_WARN_ABOUT_RETURN_TYPE = YES_ERROR;
				GCC_WARN_UNDECLARED_SELECTOR = YES;
				GCC_WARN_UNINITIALIZED_AUTOS = YES_AGGRESSIVE;
				GCC_WARN_UNUSED_FUNCTION = YES;
				GCC_WARN_UNUSED_VARIABLE = YES;
				IPHONEOS_DEPLOYMENT_TARGET = 8.1;
				MTL_ENABLE_DEBUG_INFO = NO;
				SDKROOT = iphoneos;
				VALIDATE_PRODUCT = YES;
			};
			name = Release;
		};
		1105A0841A89C6A000210A00 /* Debug */ = {
			isa = XCBuildConfiguration;
			buildSettings = {
				ASSETCATALOG_COMPILER_APPICON_NAME = AppIcon;
				INFOPLIST_FILE = YelpExercise/Info.plist;
				LD_RUNPATH_SEARCH_PATHS = "$(inherited) @executable_path/Frameworks";
				PRODUCT_NAME = "$(TARGET_NAME)";
			};
			name = Debug;
		};
		1105A0851A89C6A000210A00 /* Release */ = {
			isa = XCBuildConfiguration;
			buildSettings = {
				ASSETCATALOG_COMPILER_APPICON_NAME = AppIcon;
				INFOPLIST_FILE = YelpExercise/Info.plist;
				LD_RUNPATH_SEARCH_PATHS = "$(inherited) @executable_path/Frameworks";
				PRODUCT_NAME = "$(TARGET_NAME)";
			};
			name = Release;
		};
		1105A0871A89C6A000210A00 /* Debug */ = {
			isa = XCBuildConfiguration;
			buildSettings = {
				BUNDLE_LOADER = "$(TEST_HOST)";
				FRAMEWORK_SEARCH_PATHS = (
					"$(SDKROOT)/Developer/Library/Frameworks",
					"$(inherited)",
				);
				GCC_PREPROCESSOR_DEFINITIONS = (
					"DEBUG=1",
					"$(inherited)",
				);
				INFOPLIST_FILE = YelpExerciseTests/Info.plist;
				LD_RUNPATH_SEARCH_PATHS = "$(inherited) @executable_path/Frameworks @loader_path/Frameworks";
				PRODUCT_NAME = "$(TARGET_NAME)";
				TEST_HOST = "$(BUILT_PRODUCTS_DIR)/YelpExercise.app/YelpExercise";
			};
			name = Debug;
		};
		1105A0881A89C6A000210A00 /* Release */ = {
			isa = XCBuildConfiguration;
			buildSettings = {
				BUNDLE_LOADER = "$(TEST_HOST)";
				FRAMEWORK_SEARCH_PATHS = (
					"$(SDKROOT)/Developer/Library/Frameworks",
					"$(inherited)",
				);
				INFOPLIST_FILE = YelpExerciseTests/Info.plist;
				LD_RUNPATH_SEARCH_PATHS = "$(inherited) @executable_path/Frameworks @loader_path/Frameworks";
				PRODUCT_NAME = "$(TARGET_NAME)";
				TEST_HOST = "$(BUILT_PRODUCTS_DIR)/YelpExercise.app/YelpExercise";
			};
			name = Release;
		};
/* End XCBuildConfiguration section */

/* Begin XCConfigurationList section */
		1105A05F1A89C69F00210A00 /* Build configuration list for PBXProject "YelpExercise" */ = {
			isa = XCConfigurationList;
			buildConfigurations = (
				1105A0811A89C6A000210A00 /* Debug */,
				1105A0821A89C6A000210A00 /* Release */,
			);
			defaultConfigurationIsVisible = 0;
			defaultConfigurationName = Release;
		};
		1105A0831A89C6A000210A00 /* Build configuration list for PBXNativeTarget "YelpExercise" */ = {
			isa = XCConfigurationList;
			buildConfigurations = (
				1105A0841A89C6A000210A00 /* Debug */,
				1105A0851A89C6A000210A00 /* Release */,
			);
			defaultConfigurationIsVisible = 0;
		};
		1105A0861A89C6A000210A00 /* Build configuration list for PBXNativeTarget "YelpExerciseTests" */ = {
			isa = XCConfigurationList;
			buildConfigurations = (
				1105A0871A89C6A000210A00 /* Debug */,
				1105A0881A89C6A000210A00 /* Release */,
			);
			defaultConfigurationIsVisible = 0;
		};
/* End XCConfigurationList section */
	};
	rootObject = 1105A05C1A89C69F00210A00 /* Project object */;
}
